// !$*UTF8*$!
{
	archiveVersion = 1;
	classes = {
	};
	objectVersion = 56;
	objects = {

/* Begin PBXBuildFile section */
		607925A92BE9622A0077B6F8 /* gd_solution_iosApp.swift in Sources */ = {isa = PBXBuildFile; fileRef = 607925A82BE9622A0077B6F8 /* gd_solution_iosApp.swift */; };
		607925AB2BE9622A0077B6F8 /* ContentView.swift in Sources */ = {isa = PBXBuildFile; fileRef = 607925AA2BE9622A0077B6F8 /* ContentView.swift */; };
		607925AD2BE9622B0077B6F8 /* Assets.xcassets in Resources */ = {isa = PBXBuildFile; fileRef = 607925AC2BE9622B0077B6F8 /* Assets.xcassets */; };
		607925B02BE9622B0077B6F8 /* Preview Assets.xcassets in Resources */ = {isa = PBXBuildFile; fileRef = 607925AF2BE9622B0077B6F8 /* Preview Assets.xcassets */; };
		607925B82BF0E91C0077B6F8 /* JSONCoder.swift in Sources */ = {isa = PBXBuildFile; fileRef = 607925B72BF0E91C0077B6F8 /* JSONCoder.swift */; };
		607925BA2BF0E9500077B6F8 /* LoadingStateModel.swift in Sources */ = {isa = PBXBuildFile; fileRef = 607925B92BF0E9500077B6F8 /* LoadingStateModel.swift */; };
		607925BC2BF0E95F0077B6F8 /* Publisher.swift in Sources */ = {isa = PBXBuildFile; fileRef = 607925BB2BF0E95F0077B6F8 /* Publisher.swift */; };
		607925BF2BF0E98F0077B6F8 /* Matches.swift in Sources */ = {isa = PBXBuildFile; fileRef = 607925BE2BF0E98F0077B6F8 /* Matches.swift */; };
		607925C12BF2ECE70077B6F8 /* Match.swift in Sources */ = {isa = PBXBuildFile; fileRef = 607925C02BF2ECE70077B6F8 /* Match.swift */; };
		607925C42BF2ED230077B6F8 /* Team.swift in Sources */ = {isa = PBXBuildFile; fileRef = 607925C32BF2ED230077B6F8 /* Team.swift */; };
		607925C92BF351DD0077B6F8 /* MatchesView.swift in Sources */ = {isa = PBXBuildFile; fileRef = 607925C82BF351DD0077B6F8 /* MatchesView.swift */; };
		607925CB2BF352080077B6F8 /* PredictionView.swift in Sources */ = {isa = PBXBuildFile; fileRef = 607925CA2BF352080077B6F8 /* PredictionView.swift */; };
		607925CD2BF3524F0077B6F8 /* MatchListEntry.swift in Sources */ = {isa = PBXBuildFile; fileRef = 607925CC2BF3524F0077B6F8 /* MatchListEntry.swift */; };
		607925D02BF370C90077B6F8 /* MatchDays.swift in Sources */ = {isa = PBXBuildFile; fileRef = 607925CF2BF370C90077B6F8 /* MatchDays.swift */; };
		607925D22BF3758C0077B6F8 /* MatchDay.swift in Sources */ = {isa = PBXBuildFile; fileRef = 607925D12BF3758C0077B6F8 /* MatchDay.swift */; };
		60EACE592C0372660057540B /* AuthenticationView.swift in Sources */ = {isa = PBXBuildFile; fileRef = 60EACE582C0372660057540B /* AuthenticationView.swift */; };
		60EACE5B2C05DA380057540B /* AddCommunityView.swift in Sources */ = {isa = PBXBuildFile; fileRef = 60EACE5A2C05DA380057540B /* AddCommunityView.swift */; };
		60EACE5E2C05E76A0057540B /* Users.swift in Sources */ = {isa = PBXBuildFile; fileRef = 60EACE5D2C05E76A0057540B /* Users.swift */; };
		60EACE602C0685600057540B /* InviteToCommunityView.swift in Sources */ = {isa = PBXBuildFile; fileRef = 60EACE5F2C0685600057540B /* InviteToCommunityView.swift */; };
		60F6506B2BF55CB400330123 /* Prediction.swift in Sources */ = {isa = PBXBuildFile; fileRef = 60F6506A2BF55CB400330123 /* Prediction.swift */; };
		60F6506D2BF5635E00330123 /* TournamentsView.swift in Sources */ = {isa = PBXBuildFile; fileRef = 60F6506C2BF5635E00330123 /* TournamentsView.swift */; };
		60F6506F2BF563C800330123 /* CommunitiesView.swift in Sources */ = {isa = PBXBuildFile; fileRef = 60F6506E2BF563C800330123 /* CommunitiesView.swift */; };
		60F650712BF5677E00330123 /* CommunityListEntry.swift in Sources */ = {isa = PBXBuildFile; fileRef = 60F650702BF5677E00330123 /* CommunityListEntry.swift */; };
		60F650732BF56AF000330123 /* LeaderBoardListEntry.swift in Sources */ = {isa = PBXBuildFile; fileRef = 60F650722BF56AF000330123 /* LeaderBoardListEntry.swift */; };
		60F650752BF56B0500330123 /* CommunityView.swift in Sources */ = {isa = PBXBuildFile; fileRef = 60F650742BF56B0500330123 /* CommunityView.swift */; };
		60F6507B2BF6A6DC00330123 /* CommunityPreview.swift in Sources */ = {isa = PBXBuildFile; fileRef = 60F6507A2BF6A6DC00330123 /* CommunityPreview.swift */; };
		60F650802C0125BD00330123 /* TournamentDashboard.swift in Sources */ = {isa = PBXBuildFile; fileRef = 60F6507F2C0125BD00330123 /* TournamentDashboard.swift */; };
		60F650832C01BD7700330123 /* Tournaments.swift in Sources */ = {isa = PBXBuildFile; fileRef = 60F650822C01BD7700330123 /* Tournaments.swift */; };
		60F650862C01BFEE00330123 /* Communities.swift in Sources */ = {isa = PBXBuildFile; fileRef = 60F650852C01BFEE00330123 /* Communities.swift */; };
		60F650882C023B9E00330123 /* User.swift in Sources */ = {isa = PBXBuildFile; fileRef = 60F650872C023B9E00330123 /* User.swift */; };
		60F6508A2C023BA800330123 /* Community.swift in Sources */ = {isa = PBXBuildFile; fileRef = 60F650892C023BA800330123 /* Community.swift */; };
		60F6508C2C023BB900330123 /* Tournament.swift in Sources */ = {isa = PBXBuildFile; fileRef = 60F6508B2C023BB900330123 /* Tournament.swift */; };
		60F6508F2C023C1A00330123 /* Predictions.swift in Sources */ = {isa = PBXBuildFile; fileRef = 60F6508E2C023C1A00330123 /* Predictions.swift */; };
/* End PBXBuildFile section */

/* Begin PBXFileReference section */
		607925A52BE9622A0077B6F8 /* gd-solution-ios.app */ = {isa = PBXFileReference; explicitFileType = wrapper.application; includeInIndex = 0; path = "gd-solution-ios.app"; sourceTree = BUILT_PRODUCTS_DIR; };
		607925A82BE9622A0077B6F8 /* gd_solution_iosApp.swift */ = {isa = PBXFileReference; lastKnownFileType = sourcecode.swift; path = gd_solution_iosApp.swift; sourceTree = "<group>"; };
		607925AA2BE9622A0077B6F8 /* ContentView.swift */ = {isa = PBXFileReference; lastKnownFileType = sourcecode.swift; path = ContentView.swift; sourceTree = "<group>"; };
		607925AC2BE9622B0077B6F8 /* Assets.xcassets */ = {isa = PBXFileReference; lastKnownFileType = folder.assetcatalog; path = Assets.xcassets; sourceTree = "<group>"; };
		607925AF2BE9622B0077B6F8 /* Preview Assets.xcassets */ = {isa = PBXFileReference; lastKnownFileType = folder.assetcatalog; path = "Preview Assets.xcassets"; sourceTree = "<group>"; };
		607925B72BF0E91C0077B6F8 /* JSONCoder.swift */ = {isa = PBXFileReference; lastKnownFileType = sourcecode.swift; path = JSONCoder.swift; sourceTree = "<group>"; };
		607925B92BF0E9500077B6F8 /* LoadingStateModel.swift */ = {isa = PBXFileReference; lastKnownFileType = sourcecode.swift; path = LoadingStateModel.swift; sourceTree = "<group>"; };
		607925BB2BF0E95F0077B6F8 /* Publisher.swift */ = {isa = PBXFileReference; lastKnownFileType = sourcecode.swift; path = Publisher.swift; sourceTree = "<group>"; };
		607925BE2BF0E98F0077B6F8 /* Matches.swift */ = {isa = PBXFileReference; lastKnownFileType = sourcecode.swift; path = Matches.swift; sourceTree = "<group>"; };
		607925C02BF2ECE70077B6F8 /* Match.swift */ = {isa = PBXFileReference; lastKnownFileType = sourcecode.swift; path = Match.swift; sourceTree = "<group>"; };
		607925C32BF2ED230077B6F8 /* Team.swift */ = {isa = PBXFileReference; lastKnownFileType = sourcecode.swift; path = Team.swift; sourceTree = "<group>"; };
		607925C82BF351DD0077B6F8 /* MatchesView.swift */ = {isa = PBXFileReference; lastKnownFileType = sourcecode.swift; path = MatchesView.swift; sourceTree = "<group>"; };
		607925CA2BF352080077B6F8 /* PredictionView.swift */ = {isa = PBXFileReference; lastKnownFileType = sourcecode.swift; path = PredictionView.swift; sourceTree = "<group>"; };
		607925CC2BF3524F0077B6F8 /* MatchListEntry.swift */ = {isa = PBXFileReference; lastKnownFileType = sourcecode.swift; path = MatchListEntry.swift; sourceTree = "<group>"; };
		607925CF2BF370C90077B6F8 /* MatchDays.swift */ = {isa = PBXFileReference; lastKnownFileType = sourcecode.swift; path = MatchDays.swift; sourceTree = "<group>"; };
		607925D12BF3758C0077B6F8 /* MatchDay.swift */ = {isa = PBXFileReference; lastKnownFileType = sourcecode.swift; path = MatchDay.swift; sourceTree = "<group>"; };
		60EACE582C0372660057540B /* AuthenticationView.swift */ = {isa = PBXFileReference; lastKnownFileType = sourcecode.swift; path = AuthenticationView.swift; sourceTree = "<group>"; };
		60EACE5A2C05DA380057540B /* AddCommunityView.swift */ = {isa = PBXFileReference; lastKnownFileType = sourcecode.swift; path = AddCommunityView.swift; sourceTree = "<group>"; };
		60EACE5D2C05E76A0057540B /* Users.swift */ = {isa = PBXFileReference; lastKnownFileType = sourcecode.swift; path = Users.swift; sourceTree = "<group>"; };
		60EACE5F2C0685600057540B /* InviteToCommunityView.swift */ = {isa = PBXFileReference; lastKnownFileType = sourcecode.swift; path = InviteToCommunityView.swift; sourceTree = "<group>"; };
		60F6506A2BF55CB400330123 /* Prediction.swift */ = {isa = PBXFileReference; lastKnownFileType = sourcecode.swift; path = Prediction.swift; sourceTree = "<group>"; };
		60F6506C2BF5635E00330123 /* TournamentsView.swift */ = {isa = PBXFileReference; lastKnownFileType = sourcecode.swift; path = TournamentsView.swift; sourceTree = "<group>"; };
		60F6506E2BF563C800330123 /* CommunitiesView.swift */ = {isa = PBXFileReference; lastKnownFileType = sourcecode.swift; path = CommunitiesView.swift; sourceTree = "<group>"; };
		60F650702BF5677E00330123 /* CommunityListEntry.swift */ = {isa = PBXFileReference; lastKnownFileType = sourcecode.swift; path = CommunityListEntry.swift; sourceTree = "<group>"; };
		60F650722BF56AF000330123 /* LeaderBoardListEntry.swift */ = {isa = PBXFileReference; lastKnownFileType = sourcecode.swift; path = LeaderBoardListEntry.swift; sourceTree = "<group>"; };
		60F650742BF56B0500330123 /* CommunityView.swift */ = {isa = PBXFileReference; lastKnownFileType = sourcecode.swift; path = CommunityView.swift; sourceTree = "<group>"; };
		60F6507A2BF6A6DC00330123 /* CommunityPreview.swift */ = {isa = PBXFileReference; lastKnownFileType = sourcecode.swift; path = CommunityPreview.swift; sourceTree = "<group>"; };
		60F6507F2C0125BD00330123 /* TournamentDashboard.swift */ = {isa = PBXFileReference; lastKnownFileType = sourcecode.swift; path = TournamentDashboard.swift; sourceTree = "<group>"; };
		60F650822C01BD7700330123 /* Tournaments.swift */ = {isa = PBXFileReference; lastKnownFileType = sourcecode.swift; path = Tournaments.swift; sourceTree = "<group>"; };
		60F650852C01BFEE00330123 /* Communities.swift */ = {isa = PBXFileReference; lastKnownFileType = sourcecode.swift; path = Communities.swift; sourceTree = "<group>"; };
		60F650872C023B9E00330123 /* User.swift */ = {isa = PBXFileReference; lastKnownFileType = sourcecode.swift; path = User.swift; sourceTree = "<group>"; };
		60F650892C023BA800330123 /* Community.swift */ = {isa = PBXFileReference; lastKnownFileType = sourcecode.swift; path = Community.swift; sourceTree = "<group>"; };
		60F6508B2C023BB900330123 /* Tournament.swift */ = {isa = PBXFileReference; lastKnownFileType = sourcecode.swift; path = Tournament.swift; sourceTree = "<group>"; };
		60F6508E2C023C1A00330123 /* Predictions.swift */ = {isa = PBXFileReference; lastKnownFileType = sourcecode.swift; path = Predictions.swift; sourceTree = "<group>"; };
/* End PBXFileReference section */

/* Begin PBXFrameworksBuildPhase section */
		607925A22BE9622A0077B6F8 /* Frameworks */ = {
			isa = PBXFrameworksBuildPhase;
			buildActionMask = 2147483647;
			files = (
			);
			runOnlyForDeploymentPostprocessing = 0;
		};
/* End PBXFrameworksBuildPhase section */

/* Begin PBXGroup section */
		6079259C2BE9622A0077B6F8 = {
			isa = PBXGroup;
			children = (
				607925A72BE9622A0077B6F8 /* gd-solution-ios */,
				607925A62BE9622A0077B6F8 /* Products */,
			);
			sourceTree = "<group>";
		};
		607925A62BE9622A0077B6F8 /* Products */ = {
			isa = PBXGroup;
			children = (
				607925A52BE9622A0077B6F8 /* gd-solution-ios.app */,
			);
			name = Products;
			sourceTree = "<group>";
		};
		607925A72BE9622A0077B6F8 /* gd-solution-ios */ = {
			isa = PBXGroup;
			children = (
				607925B62BF0E90E0077B6F8 /* Domain */,
				607925C72BF351D00077B6F8 /* Components */,
				607925A82BE9622A0077B6F8 /* gd_solution_iosApp.swift */,
				607925AA2BE9622A0077B6F8 /* ContentView.swift */,
				607925AC2BE9622B0077B6F8 /* Assets.xcassets */,
				607925AE2BE9622B0077B6F8 /* Preview Content */,
			);
			path = "gd-solution-ios";
			sourceTree = "<group>";
		};
		607925AE2BE9622B0077B6F8 /* Preview Content */ = {
			isa = PBXGroup;
			children = (
				607925AF2BE9622B0077B6F8 /* Preview Assets.xcassets */,
			);
			path = "Preview Content";
			sourceTree = "<group>";
		};
		607925B62BF0E90E0077B6F8 /* Domain */ = {
			isa = PBXGroup;
			children = (
				60EACE5C2C05E7560057540B /* Users */,
				60F6508D2C023C0D00330123 /* Predictions */,
				60F650842C01BFE100330123 /* Communities */,
				60F650812C01BD6600330123 /* Tournaments */,
				607925BD2BF0E9780077B6F8 /* Matches */,
				607925C22BF2ED190077B6F8 /* Models */,
				607925B72BF0E91C0077B6F8 /* JSONCoder.swift */,
				607925B92BF0E9500077B6F8 /* LoadingStateModel.swift */,
				607925BB2BF0E95F0077B6F8 /* Publisher.swift */,
			);
			path = Domain;
			sourceTree = "<group>";
		};
		607925BD2BF0E9780077B6F8 /* Matches */ = {
			isa = PBXGroup;
			children = (
				607925BE2BF0E98F0077B6F8 /* Matches.swift */,
				607925CF2BF370C90077B6F8 /* MatchDays.swift */,
			);
			path = Matches;
			sourceTree = "<group>";
		};
		607925C22BF2ED190077B6F8 /* Models */ = {
			isa = PBXGroup;
			children = (
				607925C02BF2ECE70077B6F8 /* Match.swift */,
				607925C32BF2ED230077B6F8 /* Team.swift */,
				607925D12BF3758C0077B6F8 /* MatchDay.swift */,
				60F6506A2BF55CB400330123 /* Prediction.swift */,
				60F650872C023B9E00330123 /* User.swift */,
				60F650892C023BA800330123 /* Community.swift */,
				60F6508B2C023BB900330123 /* Tournament.swift */,
			);
			path = Models;
			sourceTree = "<group>";
		};
		607925C72BF351D00077B6F8 /* Components */ = {
			isa = PBXGroup;
			children = (
				60EACE572C03725E0057540B /* Auth */,
				60F6507E2C0125AB00330123 /* Tournament */,
				60F650772BF6A32600330123 /* Matches */,
				60F650792BF6A59E00330123 /* Communities */,
				60F650762BF6A2F000330123 /* Leaderboards */,
			);
			path = Components;
			sourceTree = "<group>";
		};
		60EACE572C03725E0057540B /* Auth */ = {
			isa = PBXGroup;
			children = (
				60EACE582C0372660057540B /* AuthenticationView.swift */,
			);
			path = Auth;
			sourceTree = "<group>";
		};
		60EACE5C2C05E7560057540B /* Users */ = {
			isa = PBXGroup;
			children = (
				60EACE5D2C05E76A0057540B /* Users.swift */,
			);
			path = Users;
			sourceTree = "<group>";
		};
		60F650762BF6A2F000330123 /* Leaderboards */ = {
			isa = PBXGroup;
			children = (
				60F650722BF56AF000330123 /* LeaderBoardListEntry.swift */,
				60F650742BF56B0500330123 /* CommunityView.swift */,
			);
			path = Leaderboards;
			sourceTree = "<group>";
		};
		60F650772BF6A32600330123 /* Matches */ = {
			isa = PBXGroup;
			children = (
				607925CA2BF352080077B6F8 /* PredictionView.swift */,
				607925CC2BF3524F0077B6F8 /* MatchListEntry.swift */,
				607925C82BF351DD0077B6F8 /* MatchesView.swift */,
			);
			path = Matches;
			sourceTree = "<group>";
		};
		60F650792BF6A59E00330123 /* Communities */ = {
			isa = PBXGroup;
			children = (
				60F650702BF5677E00330123 /* CommunityListEntry.swift */,
				60F6506E2BF563C800330123 /* CommunitiesView.swift */,
				60F6507A2BF6A6DC00330123 /* CommunityPreview.swift */,
				60EACE5A2C05DA380057540B /* AddCommunityView.swift */,
				60EACE5F2C0685600057540B /* InviteToCommunityView.swift */,
			);
			path = Communities;
			sourceTree = "<group>";
		};
		60F6507E2C0125AB00330123 /* Tournament */ = {
			isa = PBXGroup;
			children = (
				60F6506C2BF5635E00330123 /* TournamentsView.swift */,
				60F6507F2C0125BD00330123 /* TournamentDashboard.swift */,
			);
			path = Tournament;
			sourceTree = "<group>";
		};
		60F650812C01BD6600330123 /* Tournaments */ = {
			isa = PBXGroup;
			children = (
				60F650822C01BD7700330123 /* Tournaments.swift */,
			);
			path = Tournaments;
			sourceTree = "<group>";
		};
		60F650842C01BFE100330123 /* Communities */ = {
			isa = PBXGroup;
			children = (
				60F650852C01BFEE00330123 /* Communities.swift */,
			);
			path = Communities;
			sourceTree = "<group>";
		};
		60F6508D2C023C0D00330123 /* Predictions */ = {
			isa = PBXGroup;
			children = (
				60F6508E2C023C1A00330123 /* Predictions.swift */,
			);
			path = Predictions;
			sourceTree = "<group>";
		};
/* End PBXGroup section */

/* Begin PBXNativeTarget section */
		607925A42BE9622A0077B6F8 /* gd-solution-ios */ = {
			isa = PBXNativeTarget;
			buildConfigurationList = 607925B32BE9622B0077B6F8 /* Build configuration list for PBXNativeTarget "gd-solution-ios" */;
			buildPhases = (
				607925A12BE9622A0077B6F8 /* Sources */,
				607925A22BE9622A0077B6F8 /* Frameworks */,
				607925A32BE9622A0077B6F8 /* Resources */,
			);
			buildRules = (
			);
			dependencies = (
			);
			name = "gd-solution-ios";
			packageProductDependencies = (
			);
			productName = "gd-solution-ios";
			productReference = 607925A52BE9622A0077B6F8 /* gd-solution-ios.app */;
			productType = "com.apple.product-type.application";
		};
/* End PBXNativeTarget section */

/* Begin PBXProject section */
		6079259D2BE9622A0077B6F8 /* Project object */ = {
			isa = PBXProject;
			attributes = {
				BuildIndependentTargetsInParallel = 1;
				LastSwiftUpdateCheck = 1520;
				LastUpgradeCheck = 1520;
				TargetAttributes = {
					607925A42BE9622A0077B6F8 = {
						CreatedOnToolsVersion = 15.2;
					};
				};
			};
			buildConfigurationList = 607925A02BE9622A0077B6F8 /* Build configuration list for PBXProject "gd-solution-ios" */;
			compatibilityVersion = "Xcode 14.0";
			developmentRegion = en;
			hasScannedForEncodings = 0;
			knownRegions = (
				en,
				Base,
			);
			mainGroup = 6079259C2BE9622A0077B6F8;
			packageReferences = (
			);
			productRefGroup = 607925A62BE9622A0077B6F8 /* Products */;
			projectDirPath = "";
			projectRoot = "";
			targets = (
				607925A42BE9622A0077B6F8 /* gd-solution-ios */,
			);
		};
/* End PBXProject section */

/* Begin PBXResourcesBuildPhase section */
		607925A32BE9622A0077B6F8 /* Resources */ = {
			isa = PBXResourcesBuildPhase;
			buildActionMask = 2147483647;
			files = (
				607925B02BE9622B0077B6F8 /* Preview Assets.xcassets in Resources */,
				607925AD2BE9622B0077B6F8 /* Assets.xcassets in Resources */,
			);
			runOnlyForDeploymentPostprocessing = 0;
		};
/* End PBXResourcesBuildPhase section */

/* Begin PBXSourcesBuildPhase section */
		607925A12BE9622A0077B6F8 /* Sources */ = {
			isa = PBXSourcesBuildPhase;
			buildActionMask = 2147483647;
			files = (
				60EACE5B2C05DA380057540B /* AddCommunityView.swift in Sources */,
				60F6508C2C023BB900330123 /* Tournament.swift in Sources */,
				607925CB2BF352080077B6F8 /* PredictionView.swift in Sources */,
				607925AB2BE9622A0077B6F8 /* ContentView.swift in Sources */,
				607925CD2BF3524F0077B6F8 /* MatchListEntry.swift in Sources */,
				607925B82BF0E91C0077B6F8 /* JSONCoder.swift in Sources */,
				60F6507B2BF6A6DC00330123 /* CommunityPreview.swift in Sources */,
				607925D02BF370C90077B6F8 /* MatchDays.swift in Sources */,
				60EACE592C0372660057540B /* AuthenticationView.swift in Sources */,
				607925BA2BF0E9500077B6F8 /* LoadingStateModel.swift in Sources */,
				60F650732BF56AF000330123 /* LeaderBoardListEntry.swift in Sources */,
				607925A92BE9622A0077B6F8 /* gd_solution_iosApp.swift in Sources */,
				607925D22BF3758C0077B6F8 /* MatchDay.swift in Sources */,
				60EACE602C0685600057540B /* InviteToCommunityView.swift in Sources */,
				60F6506F2BF563C800330123 /* CommunitiesView.swift in Sources */,
				607925C42BF2ED230077B6F8 /* Team.swift in Sources */,
				60F650832C01BD7700330123 /* Tournaments.swift in Sources */,
				607925C92BF351DD0077B6F8 /* MatchesView.swift in Sources */,
				60F650752BF56B0500330123 /* CommunityView.swift in Sources */,
				60F6508A2C023BA800330123 /* Community.swift in Sources */,
				60F650712BF5677E00330123 /* CommunityListEntry.swift in Sources */,
				60F650862C01BFEE00330123 /* Communities.swift in Sources */,
				607925BF2BF0E98F0077B6F8 /* Matches.swift in Sources */,
				60EACE5E2C05E76A0057540B /* Users.swift in Sources */,
				607925BC2BF0E95F0077B6F8 /* Publisher.swift in Sources */,
				60F6508F2C023C1A00330123 /* Predictions.swift in Sources */,
				60F650802C0125BD00330123 /* TournamentDashboard.swift in Sources */,
				60F650882C023B9E00330123 /* User.swift in Sources */,
				60F6506D2BF5635E00330123 /* TournamentsView.swift in Sources */,
				607925C12BF2ECE70077B6F8 /* Match.swift in Sources */,
				60F6506B2BF55CB400330123 /* Prediction.swift in Sources */,
			);
			runOnlyForDeploymentPostprocessing = 0;
		};
/* End PBXSourcesBuildPhase section */

/* Begin XCBuildConfiguration section */
		607925B12BE9622B0077B6F8 /* Debug */ = {
			isa = XCBuildConfiguration;
			buildSettings = {
				ALWAYS_SEARCH_USER_PATHS = NO;
				ASSETCATALOG_COMPILER_GENERATE_SWIFT_ASSET_SYMBOL_EXTENSIONS = YES;
				CLANG_ANALYZER_NONNULL = YES;
				CLANG_ANALYZER_NUMBER_OBJECT_CONVERSION = YES_AGGRESSIVE;
				CLANG_CXX_LANGUAGE_STANDARD = "gnu++20";
				CLANG_ENABLE_MODULES = YES;
				CLANG_ENABLE_OBJC_ARC = YES;
				CLANG_ENABLE_OBJC_WEAK = YES;
				CLANG_WARN_BLOCK_CAPTURE_AUTORELEASING = YES;
				CLANG_WARN_BOOL_CONVERSION = YES;
				CLANG_WARN_COMMA = YES;
				CLANG_WARN_CONSTANT_CONVERSION = YES;
				CLANG_WARN_DEPRECATED_OBJC_IMPLEMENTATIONS = YES;
				CLANG_WARN_DIRECT_OBJC_ISA_USAGE = YES_ERROR;
				CLANG_WARN_DOCUMENTATION_COMMENTS = YES;
				CLANG_WARN_EMPTY_BODY = YES;
				CLANG_WARN_ENUM_CONVERSION = YES;
				CLANG_WARN_INFINITE_RECURSION = YES;
				CLANG_WARN_INT_CONVERSION = YES;
				CLANG_WARN_NON_LITERAL_NULL_CONVERSION = YES;
				CLANG_WARN_OBJC_IMPLICIT_RETAIN_SELF = YES;
				CLANG_WARN_OBJC_LITERAL_CONVERSION = YES;
				CLANG_WARN_OBJC_ROOT_CLASS = YES_ERROR;
				CLANG_WARN_QUOTED_INCLUDE_IN_FRAMEWORK_HEADER = YES;
				CLANG_WARN_RANGE_LOOP_ANALYSIS = YES;
				CLANG_WARN_STRICT_PROTOTYPES = YES;
				CLANG_WARN_SUSPICIOUS_MOVE = YES;
				CLANG_WARN_UNGUARDED_AVAILABILITY = YES_AGGRESSIVE;
				CLANG_WARN_UNREACHABLE_CODE = YES;
				CLANG_WARN__DUPLICATE_METHOD_MATCH = YES;
				COPY_PHASE_STRIP = NO;
				DEBUG_INFORMATION_FORMAT = dwarf;
				ENABLE_STRICT_OBJC_MSGSEND = YES;
				ENABLE_TESTABILITY = YES;
				ENABLE_USER_SCRIPT_SANDBOXING = YES;
				GCC_C_LANGUAGE_STANDARD = gnu17;
				GCC_DYNAMIC_NO_PIC = NO;
				GCC_NO_COMMON_BLOCKS = YES;
				GCC_OPTIMIZATION_LEVEL = 0;
				GCC_PREPROCESSOR_DEFINITIONS = (
					"DEBUG=1",
					"$(inherited)",
				);
				GCC_WARN_64_TO_32_BIT_CONVERSION = YES;
				GCC_WARN_ABOUT_RETURN_TYPE = YES_ERROR;
				GCC_WARN_UNDECLARED_SELECTOR = YES;
				GCC_WARN_UNINITIALIZED_AUTOS = YES_AGGRESSIVE;
				GCC_WARN_UNUSED_FUNCTION = YES;
				GCC_WARN_UNUSED_VARIABLE = YES;
				IPHONEOS_DEPLOYMENT_TARGET = 17.2;
				LOCALIZATION_PREFERS_STRING_CATALOGS = YES;
				MTL_ENABLE_DEBUG_INFO = INCLUDE_SOURCE;
				MTL_FAST_MATH = YES;
				ONLY_ACTIVE_ARCH = YES;
				SDKROOT = iphoneos;
				SWIFT_ACTIVE_COMPILATION_CONDITIONS = "DEBUG $(inherited)";
				SWIFT_OPTIMIZATION_LEVEL = "-Onone";
			};
			name = Debug;
		};
		607925B22BE9622B0077B6F8 /* Release */ = {
			isa = XCBuildConfiguration;
			buildSettings = {
				ALWAYS_SEARCH_USER_PATHS = NO;
				ASSETCATALOG_COMPILER_GENERATE_SWIFT_ASSET_SYMBOL_EXTENSIONS = YES;
				CLANG_ANALYZER_NONNULL = YES;
				CLANG_ANALYZER_NUMBER_OBJECT_CONVERSION = YES_AGGRESSIVE;
				CLANG_CXX_LANGUAGE_STANDARD = "gnu++20";
				CLANG_ENABLE_MODULES = YES;
				CLANG_ENABLE_OBJC_ARC = YES;
				CLANG_ENABLE_OBJC_WEAK = YES;
				CLANG_WARN_BLOCK_CAPTURE_AUTORELEASING = YES;
				CLANG_WARN_BOOL_CONVERSION = YES;
				CLANG_WARN_COMMA = YES;
				CLANG_WARN_CONSTANT_CONVERSION = YES;
				CLANG_WARN_DEPRECATED_OBJC_IMPLEMENTATIONS = YES;
				CLANG_WARN_DIRECT_OBJC_ISA_USAGE = YES_ERROR;
				CLANG_WARN_DOCUMENTATION_COMMENTS = YES;
				CLANG_WARN_EMPTY_BODY = YES;
				CLANG_WARN_ENUM_CONVERSION = YES;
				CLANG_WARN_INFINITE_RECURSION = YES;
				CLANG_WARN_INT_CONVERSION = YES;
				CLANG_WARN_NON_LITERAL_NULL_CONVERSION = YES;
				CLANG_WARN_OBJC_IMPLICIT_RETAIN_SELF = YES;
				CLANG_WARN_OBJC_LITERAL_CONVERSION = YES;
				CLANG_WARN_OBJC_ROOT_CLASS = YES_ERROR;
				CLANG_WARN_QUOTED_INCLUDE_IN_FRAMEWORK_HEADER = YES;
				CLANG_WARN_RANGE_LOOP_ANALYSIS = YES;
				CLANG_WARN_STRICT_PROTOTYPES = YES;
				CLANG_WARN_SUSPICIOUS_MOVE = YES;
				CLANG_WARN_UNGUARDED_AVAILABILITY = YES_AGGRESSIVE;
				CLANG_WARN_UNREACHABLE_CODE = YES;
				CLANG_WARN__DUPLICATE_METHOD_MATCH = YES;
				COPY_PHASE_STRIP = NO;
				DEBUG_INFORMATION_FORMAT = "dwarf-with-dsym";
				ENABLE_NS_ASSERTIONS = NO;
				ENABLE_STRICT_OBJC_MSGSEND = YES;
				ENABLE_USER_SCRIPT_SANDBOXING = YES;
				GCC_C_LANGUAGE_STANDARD = gnu17;
				GCC_NO_COMMON_BLOCKS = YES;
				GCC_WARN_64_TO_32_BIT_CONVERSION = YES;
				GCC_WARN_ABOUT_RETURN_TYPE = YES_ERROR;
				GCC_WARN_UNDECLARED_SELECTOR = YES;
				GCC_WARN_UNINITIALIZED_AUTOS = YES_AGGRESSIVE;
				GCC_WARN_UNUSED_FUNCTION = YES;
				GCC_WARN_UNUSED_VARIABLE = YES;
				IPHONEOS_DEPLOYMENT_TARGET = 17.2;
				LOCALIZATION_PREFERS_STRING_CATALOGS = YES;
				MTL_ENABLE_DEBUG_INFO = NO;
				MTL_FAST_MATH = YES;
				SDKROOT = iphoneos;
				SWIFT_COMPILATION_MODE = wholemodule;
				VALIDATE_PRODUCT = YES;
			};
			name = Release;
		};
		607925B42BE9622B0077B6F8 /* Debug */ = {
			isa = XCBuildConfiguration;
			buildSettings = {
				ASSETCATALOG_COMPILER_APPICON_NAME = AppIcon;
				ASSETCATALOG_COMPILER_GLOBAL_ACCENT_COLOR_NAME = AccentColor;
				CODE_SIGN_STYLE = Automatic;
				CURRENT_PROJECT_VERSION = 1;
				DEVELOPMENT_ASSET_PATHS = "\"gd-solution-ios/Preview Content\"";
				DEVELOPMENT_TEAM = 25NX282427;
				ENABLE_PREVIEWS = YES;
				GENERATE_INFOPLIST_FILE = YES;
				INFOPLIST_KEY_UIApplicationSceneManifest_Generation = YES;
				INFOPLIST_KEY_UIApplicationSupportsIndirectInputEvents = YES;
				INFOPLIST_KEY_UILaunchScreen_Generation = YES;
				INFOPLIST_KEY_UISupportedInterfaceOrientations_iPad = "UIInterfaceOrientationPortrait UIInterfaceOrientationPortraitUpsideDown UIInterfaceOrientationLandscapeLeft UIInterfaceOrientationLandscapeRight";
				INFOPLIST_KEY_UISupportedInterfaceOrientations_iPhone = "UIInterfaceOrientationPortrait UIInterfaceOrientationLandscapeLeft UIInterfaceOrientationLandscapeRight";
				LD_RUNPATH_SEARCH_PATHS = (
					"$(inherited)",
					"@executable_path/Frameworks",
				);
				MARKETING_VERSION = 1.0;
				PRODUCT_BUNDLE_IDENTIFIER = "com.leomino.gd-solution-ios";
				PRODUCT_NAME = "$(TARGET_NAME)";
				SWIFT_EMIT_LOC_STRINGS = YES;
				SWIFT_VERSION = 5.0;
				TARGETED_DEVICE_FAMILY = "1,2";
			};
			name = Debug;
		};
		607925B52BE9622B0077B6F8 /* Release */ = {
			isa = XCBuildConfiguration;
			buildSettings = {
				ASSETCATALOG_COMPILER_APPICON_NAME = AppIcon;
				ASSETCATALOG_COMPILER_GLOBAL_ACCENT_COLOR_NAME = AccentColor;
				CODE_SIGN_STYLE = Automatic;
				CURRENT_PROJECT_VERSION = 1;
				DEVELOPMENT_ASSET_PATHS = "\"gd-solution-ios/Preview Content\"";
				DEVELOPMENT_TEAM = 25NX282427;
				ENABLE_PREVIEWS = YES;
				GENERATE_INFOPLIST_FILE = YES;
				INFOPLIST_KEY_UIApplicationSceneManifest_Generation = YES;
				INFOPLIST_KEY_UIApplicationSupportsIndirectInputEvents = YES;
				INFOPLIST_KEY_UILaunchScreen_Generation = YES;
				INFOPLIST_KEY_UISupportedInterfaceOrientations_iPad = "UIInterfaceOrientationPortrait UIInterfaceOrientationPortraitUpsideDown UIInterfaceOrientationLandscapeLeft UIInterfaceOrientationLandscapeRight";
				INFOPLIST_KEY_UISupportedInterfaceOrientations_iPhone = "UIInterfaceOrientationPortrait UIInterfaceOrientationLandscapeLeft UIInterfaceOrientationLandscapeRight";
				LD_RUNPATH_SEARCH_PATHS = (
					"$(inherited)",
					"@executable_path/Frameworks",
				);
				MARKETING_VERSION = 1.0;
				PRODUCT_BUNDLE_IDENTIFIER = "com.leomino.gd-solution-ios";
				PRODUCT_NAME = "$(TARGET_NAME)";
				SWIFT_EMIT_LOC_STRINGS = YES;
				SWIFT_VERSION = 5.0;
				TARGETED_DEVICE_FAMILY = "1,2";
			};
			name = Release;
		};
/* End XCBuildConfiguration section */

/* Begin XCConfigurationList section */
		607925A02BE9622A0077B6F8 /* Build configuration list for PBXProject "gd-solution-ios" */ = {
			isa = XCConfigurationList;
			buildConfigurations = (
				607925B12BE9622B0077B6F8 /* Debug */,
				607925B22BE9622B0077B6F8 /* Release */,
			);
			defaultConfigurationIsVisible = 0;
			defaultConfigurationName = Release;
		};
		607925B32BE9622B0077B6F8 /* Build configuration list for PBXNativeTarget "gd-solution-ios" */ = {
			isa = XCConfigurationList;
			buildConfigurations = (
				607925B42BE9622B0077B6F8 /* Debug */,
				607925B52BE9622B0077B6F8 /* Release */,
			);
			defaultConfigurationIsVisible = 0;
			defaultConfigurationName = Release;
		};
/* End XCConfigurationList section */
	};
	rootObject = 6079259D2BE9622A0077B6F8 /* Project object */;
}
